
Microsoft Visual Studio Solution File, Format Version 12.00
# Visual Studio Version 17
VisualStudioVersion = 17.5.33516.290
MinimumVisualStudioVersion = 10.0.40219.1
Project("{FAE04EC0-301F-11D3-BF4B-00C04F79EFBC}") = "PokeApiConsumer", "PokeApiConsumer\PokeApiConsumer.csproj", "{EDAA8375-2507-4B0E-B913-09B9F5F3F835}"
EndProject
Project("{FAE04EC0-301F-11D3-BF4B-00C04F79EFBC}") = "PokeApiConsumerTest", "PokeApiConsumerTest\PokeApiConsumerTest.csproj", "{46A0CDFC-FC2B-4ABF-B92B-1F81F8D4B770}"
EndProject
Global
	GlobalSection(SolutionConfigurationPlatforms) = preSolution
		Debug|Any CPU = Debug|Any CPU
		Release|Any CPU = Release|Any CPU
	EndGlobalSection
	GlobalSection(ProjectConfigurationPlatforms) = postSolution
		{EDAA8375-2507-4B0E-B913-09B9F5F3F835}.Debug|Any CPU.ActiveCfg = Debug|Any CPU
		{EDAA8375-2507-4B0E-B913-09B9F5F3F835}.Debug|Any CPU.Build.0 = Debug|Any CPU
		{EDAA8375-2507-4B0E-B913-09B9F5F3F835}.Release|Any CPU.ActiveCfg = Release|Any CPU
		{EDAA8375-2507-4B0E-B913-09B9F5F3F835}.Release|Any CPU.Build.0 = Release|Any CPU
		{46A0CDFC-FC2B-4ABF-B92B-1F81F8D4B770}.Debug|Any CPU.ActiveCfg = Debug|Any CPU
		{46A0CDFC-FC2B-4ABF-B92B-1F81F8D4B770}.Debug|Any CPU.Build.0 = Debug|Any CPU
		{46A0CDFC-FC2B-4ABF-B92B-1F81F8D4B770}.Release|Any CPU.ActiveCfg = Release|Any CPU
		{46A0CDFC-FC2B-4ABF-B92B-1F81F8D4B770}.Release|Any CPU.Build.0 = Release|Any CPU
	EndGlobalSection
	GlobalSection(SolutionProperties) = preSolution
		HideSolutionNode = FALSE
	EndGlobalSection
	GlobalSection(ExtensibilityGlobals) = postSolution
		SolutionGuid = {A9A96D31-A429-409C-A461-1D38D7908D4A}
	EndGlobalSection
EndGlobal
